
Microsoft Visual Studio Solution File, Format Version 12.00
# Visual Studio Version 16
VisualStudioVersion = 16.0.29215.179
MinimumVisualStudioVersion = 10.0.40219.1
Project("{9A19103F-16F7-4668-BE54-9A1E7A4F7556}") = "MtgaDeckBuilder.Api", "MtgaDeckBuilder.Api.csproj", "{A7C9D1C8-21C3-4B6F-9B03-27071ED7D900}"
EndProject
Project("{9A19103F-16F7-4668-BE54-9A1E7A4F7556}") = "MtgaDeckBuilder.ImageLoader", "..\MtgaDeckBuilder.ImageLoader\MtgaDeckBuilder.ImageLoader.csproj", "{081D2949-1F60-4924-BF2F-3C49DC2F40D7}"
EndProject
Global
	GlobalSection(SolutionConfigurationPlatforms) = preSolution
		Debug|Any CPU = Debug|Any CPU
		Debug|x64 = Debug|x64
		Debug|x86 = Debug|x86
		Release|Any CPU = Release|Any CPU
		Release|x64 = Release|x64
		Release|x86 = Release|x86
	EndGlobalSection
	GlobalSection(ProjectConfigurationPlatforms) = postSolution
		{A7C9D1C8-21C3-4B6F-9B03-27071ED7D900}.Debug|Any CPU.ActiveCfg = Debug|Any CPU
		{A7C9D1C8-21C3-4B6F-9B03-27071ED7D900}.Debug|Any CPU.Build.0 = Debug|Any CPU
		{A7C9D1C8-21C3-4B6F-9B03-27071ED7D900}.Debug|x64.ActiveCfg = Debug|Any CPU
		{A7C9D1C8-21C3-4B6F-9B03-27071ED7D900}.Debug|x64.Build.0 = Debug|Any CPU
		{A7C9D1C8-21C3-4B6F-9B03-27071ED7D900}.Debug|x86.ActiveCfg = Debug|Any CPU
		{A7C9D1C8-21C3-4B6F-9B03-27071ED7D900}.Debug|x86.Build.0 = Debug|Any CPU
		{A7C9D1C8-21C3-4B6F-9B03-27071ED7D900}.Release|Any CPU.ActiveCfg = Release|Any CPU
		{A7C9D1C8-21C3-4B6F-9B03-27071ED7D900}.Release|Any CPU.Build.0 = Release|Any CPU
		{A7C9D1C8-21C3-4B6F-9B03-27071ED7D900}.Release|x64.ActiveCfg = Release|Any CPU
		{A7C9D1C8-21C3-4B6F-9B03-27071ED7D900}.Release|x64.Build.0 = Release|Any CPU
		{A7C9D1C8-21C3-4B6F-9B03-27071ED7D900}.Release|x86.ActiveCfg = Release|Any CPU
		{A7C9D1C8-21C3-4B6F-9B03-27071ED7D900}.Release|x86.Build.0 = Release|Any CPU
		{081D2949-1F60-4924-BF2F-3C49DC2F40D7}.Debug|Any CPU.ActiveCfg = Debug|Any CPU
		{081D2949-1F60-4924-BF2F-3C49DC2F40D7}.Debug|Any CPU.Build.0 = Debug|Any CPU
		{081D2949-1F60-4924-BF2F-3C49DC2F40D7}.Debug|x64.ActiveCfg = Debug|Any CPU
		{081D2949-1F60-4924-BF2F-3C49DC2F40D7}.Debug|x64.Build.0 = Debug|Any CPU
		{081D2949-1F60-4924-BF2F-3C49DC2F40D7}.Debug|x86.ActiveCfg = Debug|Any CPU
		{081D2949-1F60-4924-BF2F-3C49DC2F40D7}.Debug|x86.Build.0 = Debug|Any CPU
		{081D2949-1F60-4924-BF2F-3C49DC2F40D7}.Release|Any CPU.ActiveCfg = Release|Any CPU
		{081D2949-1F60-4924-BF2F-3C49DC2F40D7}.Release|Any CPU.Build.0 = Release|Any CPU
		{081D2949-1F60-4924-BF2F-3C49DC2F40D7}.Release|x64.ActiveCfg = Release|Any CPU
		{081D2949-1F60-4924-BF2F-3C49DC2F40D7}.Release|x64.Build.0 = Release|Any CPU
		{081D2949-1F60-4924-BF2F-3C49DC2F40D7}.Release|x86.ActiveCfg = Release|Any CPU
		{081D2949-1F60-4924-BF2F-3C49DC2F40D7}.Release|x86.Build.0 = Release|Any CPU
	EndGlobalSection
	GlobalSection(SolutionProperties) = preSolution
		HideSolutionNode = FALSE
	EndGlobalSection
	GlobalSection(ExtensibilityGlobals) = postSolution
		SolutionGuid = {035C08FB-D199-4C5E-AC27-2810530A400C}
	EndGlobalSection
EndGlobal
